
Microsoft Visual Studio Solution File, Format Version 12.00
# Visual Studio Version 16
VisualStudioVersion = 16.0.29519.87
MinimumVisualStudioVersion = 10.0.40219.1
Project("{FAE04EC0-301F-11D3-BF4B-00C04F79EFBC}") = "dados", "dados\dados.csproj", "{C29E39DC-D16D-4773-8537-2F1AA863F5C5}"
EndProject
Global
	GlobalSection(SolutionConfigurationPlatforms) = preSolution
		Debug|Any CPU = Debug|Any CPU
		Release|Any CPU = Release|Any CPU
	EndGlobalSection
	GlobalSection(ProjectConfigurationPlatforms) = postSolution
		{C29E39DC-D16D-4773-8537-2F1AA863F5C5}.Debug|Any CPU.ActiveCfg = Debug|Any CPU
		{C29E39DC-D16D-4773-8537-2F1AA863F5C5}.Debug|Any CPU.Build.0 = Debug|Any CPU
		{C29E39DC-D16D-4773-8537-2F1AA863F5C5}.Release|Any CPU.ActiveCfg = Release|Any CPU
		{C29E39DC-D16D-4773-8537-2F1AA863F5C5}.Release|Any CPU.Build.0 = Release|Any CPU
	EndGlobalSection
	GlobalSection(SolutionProperties) = preSolution
		HideSolutionNode = FALSE
	EndGlobalSection
	GlobalSection(ExtensibilityGlobals) = postSolution
		SolutionGuid = {72F0DCE9-8A24-4393-BE10-438849397546}
	EndGlobalSection
EndGlobal
